
Microsoft Visual Studio Solution File, Format Version 12.00
# Visual Studio Version 17
VisualStudioVersion = 17.11.35312.102
MinimumVisualStudioVersion = 10.0.40219.1
Project("{FAE04EC0-301F-11D3-BF4B-00C04F79EFBC}") = "Healthcare recording system", "Test\Healthcare recording system.csproj", "{C8B55FE7-6147-41F7-8118-F990B840D4EB}"
EndProject
Global
	GlobalSection(SolutionConfigurationPlatforms) = preSolution
		Debug|Any CPU = Debug|Any CPU
		Release|Any CPU = Release|Any CPU
	EndGlobalSection
	GlobalSection(ProjectConfigurationPlatforms) = postSolution
		{C8B55FE7-6147-41F7-8118-F990B840D4EB}.Debug|Any CPU.ActiveCfg = Debug|Any CPU
		{C8B55FE7-6147-41F7-8118-F990B840D4EB}.Debug|Any CPU.Build.0 = Debug|Any CPU
		{C8B55FE7-6147-41F7-8118-F990B840D4EB}.Release|Any CPU.ActiveCfg = Release|Any CPU
		{C8B55FE7-6147-41F7-8118-F990B840D4EB}.Release|Any CPU.Build.0 = Release|Any CPU
	EndGlobalSection
	GlobalSection(SolutionProperties) = preSolution
		HideSolutionNode = FALSE
	EndGlobalSection
	GlobalSection(ExtensibilityGlobals) = postSolution
		SolutionGuid = {D901D30D-A2CE-468D-926C-521C55675365}
	EndGlobalSection
EndGlobal
